
Microsoft Visual Studio Solution File, Format Version 12.00
# Visual Studio Version 17
VisualStudioVersion = 17.3.32929.385
MinimumVisualStudioVersion = 10.0.40219.1
Project("{FAE04EC0-301F-11D3-BF4B-00C04F79EFBC}") = "DonutsAndDevs", "DonutsAndDevs.csproj", "{CDA753B0-B4A0-43F7-B3AC-E8CF66C605B1}"
EndProject
Global
	GlobalSection(SolutionConfigurationPlatforms) = preSolution
		Debug|Any CPU = Debug|Any CPU
		Release|Any CPU = Release|Any CPU
	EndGlobalSection
	GlobalSection(ProjectConfigurationPlatforms) = postSolution
		{CDA753B0-B4A0-43F7-B3AC-E8CF66C605B1}.Debug|Any CPU.ActiveCfg = Debug|Any CPU
		{CDA753B0-B4A0-43F7-B3AC-E8CF66C605B1}.Debug|Any CPU.Build.0 = Debug|Any CPU
		{CDA753B0-B4A0-43F7-B3AC-E8CF66C605B1}.Release|Any CPU.ActiveCfg = Release|Any CPU
		{CDA753B0-B4A0-43F7-B3AC-E8CF66C605B1}.Release|Any CPU.Build.0 = Release|Any CPU
	EndGlobalSection
	GlobalSection(SolutionProperties) = preSolution
		HideSolutionNode = FALSE
	EndGlobalSection
	GlobalSection(ExtensibilityGlobals) = postSolution
		SolutionGuid = {4E9AD913-BA91-48C5-A782-B7FF3453BABE}
	EndGlobalSection
EndGlobal
